
Microsoft Visual Studio Solution File, Format Version 11.00
# Visual Studio 2010
Project("{F184B08F-C81C-45F6-A57F-5ABD9991F28F}") = "AGVBWCON", "AGVBWCON\AGVBWCON.vbproj", "{F297DC5D-E983-4E30-B309-DFEE7ACE9A41}"
	ProjectSection(ProjectDependencies) = postProject
		{6A9CA930-B1D7-457A-A7EA-21F002729FE2} = {6A9CA930-B1D7-457A-A7EA-21F002729FE2}
		{4EF7E836-5111-40CD-BFB5-2FC140B1157C} = {4EF7E836-5111-40CD-BFB5-2FC140B1157C}
		{5E104A7E-BDB2-429E-88A9-E7918FB12C3B} = {5E104A7E-BDB2-429E-88A9-E7918FB12C3B}
		{50D615C5-6BDD-4CDC-A83A-9ECB97B50EEA} = {50D615C5-6BDD-4CDC-A83A-9ECB97B50EEA}
	EndProjectSection
EndProject
Project("{F184B08F-C81C-45F6-A57F-5ABD9991F28F}") = "AGVBW", "AGVBW\AGVBW.vbproj", "{50D615C5-6BDD-4CDC-A83A-9ECB97B50EEA}"
EndProject
Project("{F184B08F-C81C-45F6-A57F-5ABD9991F28F}") = "MSP2003", "MSP2003\MSP2003.vbproj", "{5E104A7E-BDB2-429E-88A9-E7918FB12C3B}"
EndProject
Project("{F184B08F-C81C-45F6-A57F-5ABD9991F28F}") = "MSP2007", "MSP2007\MSP2007.vbproj", "{4EF7E836-5111-40CD-BFB5-2FC140B1157C}"
EndProject
Project("{F184B08F-C81C-45F6-A57F-5ABD9991F28F}") = "MSP2010", "MSP2010\MSP2010.vbproj", "{6A9CA930-B1D7-457A-A7EA-21F002729FE2}"
EndProject
Global
	GlobalSection(SolutionConfigurationPlatforms) = preSolution
		Debug|Any CPU = Debug|Any CPU
		Release|Any CPU = Release|Any CPU
		SCSCustomer|Any CPU = SCSCustomer|Any CPU
		SCSDemo|Any CPU = SCSDemo|Any CPU
	EndGlobalSection
	GlobalSection(ProjectConfigurationPlatforms) = postSolution
		{F297DC5D-E983-4E30-B309-DFEE7ACE9A41}.Debug|Any CPU.ActiveCfg = Debug|x86
		{F297DC5D-E983-4E30-B309-DFEE7ACE9A41}.Debug|Any CPU.Build.0 = Debug|x86
		{F297DC5D-E983-4E30-B309-DFEE7ACE9A41}.Release|Any CPU.ActiveCfg = Release|x86
		{F297DC5D-E983-4E30-B309-DFEE7ACE9A41}.Release|Any CPU.Build.0 = Release|x86
		{F297DC5D-E983-4E30-B309-DFEE7ACE9A41}.SCSCustomer|Any CPU.ActiveCfg = SCSCustomer|x86
		{F297DC5D-E983-4E30-B309-DFEE7ACE9A41}.SCSCustomer|Any CPU.Build.0 = SCSCustomer|x86
		{F297DC5D-E983-4E30-B309-DFEE7ACE9A41}.SCSDemo|Any CPU.ActiveCfg = SCSDemo|x86
		{F297DC5D-E983-4E30-B309-DFEE7ACE9A41}.SCSDemo|Any CPU.Build.0 = SCSDemo|x86
		{50D615C5-6BDD-4CDC-A83A-9ECB97B50EEA}.Debug|Any CPU.ActiveCfg = Debug|Any CPU
		{50D615C5-6BDD-4CDC-A83A-9ECB97B50EEA}.Debug|Any CPU.Build.0 = Debug|Any CPU
		{50D615C5-6BDD-4CDC-A83A-9ECB97B50EEA}.Release|Any CPU.ActiveCfg = Release|Any CPU
		{50D615C5-6BDD-4CDC-A83A-9ECB97B50EEA}.Release|Any CPU.Build.0 = Release|Any CPU
		{50D615C5-6BDD-4CDC-A83A-9ECB97B50EEA}.SCSCustomer|Any CPU.ActiveCfg = SCSCustomer|Any CPU
		{50D615C5-6BDD-4CDC-A83A-9ECB97B50EEA}.SCSCustomer|Any CPU.Build.0 = SCSCustomer|Any CPU
		{50D615C5-6BDD-4CDC-A83A-9ECB97B50EEA}.SCSDemo|Any CPU.ActiveCfg = SCSDemo|Any CPU
		{50D615C5-6BDD-4CDC-A83A-9ECB97B50EEA}.SCSDemo|Any CPU.Build.0 = SCSDemo|Any CPU
		{5E104A7E-BDB2-429E-88A9-E7918FB12C3B}.Debug|Any CPU.ActiveCfg = Debug|Any CPU
		{5E104A7E-BDB2-429E-88A9-E7918FB12C3B}.Debug|Any CPU.Build.0 = Debug|Any CPU
		{5E104A7E-BDB2-429E-88A9-E7918FB12C3B}.Release|Any CPU.ActiveCfg = Release|Any CPU
		{5E104A7E-BDB2-429E-88A9-E7918FB12C3B}.Release|Any CPU.Build.0 = Release|Any CPU
		{5E104A7E-BDB2-429E-88A9-E7918FB12C3B}.SCSCustomer|Any CPU.ActiveCfg = Release|Any CPU
		{5E104A7E-BDB2-429E-88A9-E7918FB12C3B}.SCSCustomer|Any CPU.Build.0 = Release|Any CPU
		{5E104A7E-BDB2-429E-88A9-E7918FB12C3B}.SCSDemo|Any CPU.ActiveCfg = Release|Any CPU
		{5E104A7E-BDB2-429E-88A9-E7918FB12C3B}.SCSDemo|Any CPU.Build.0 = Release|Any CPU
		{4EF7E836-5111-40CD-BFB5-2FC140B1157C}.Debug|Any CPU.ActiveCfg = Debug|Any CPU
		{4EF7E836-5111-40CD-BFB5-2FC140B1157C}.Debug|Any CPU.Build.0 = Debug|Any CPU
		{4EF7E836-5111-40CD-BFB5-2FC140B1157C}.Release|Any CPU.ActiveCfg = Release|Any CPU
		{4EF7E836-5111-40CD-BFB5-2FC140B1157C}.Release|Any CPU.Build.0 = Release|Any CPU
		{4EF7E836-5111-40CD-BFB5-2FC140B1157C}.SCSCustomer|Any CPU.ActiveCfg = Release|Any CPU
		{4EF7E836-5111-40CD-BFB5-2FC140B1157C}.SCSCustomer|Any CPU.Build.0 = Release|Any CPU
		{4EF7E836-5111-40CD-BFB5-2FC140B1157C}.SCSDemo|Any CPU.ActiveCfg = Release|Any CPU
		{4EF7E836-5111-40CD-BFB5-2FC140B1157C}.SCSDemo|Any CPU.Build.0 = Release|Any CPU
		{6A9CA930-B1D7-457A-A7EA-21F002729FE2}.Debug|Any CPU.ActiveCfg = Debug|Any CPU
		{6A9CA930-B1D7-457A-A7EA-21F002729FE2}.Debug|Any CPU.Build.0 = Debug|Any CPU
		{6A9CA930-B1D7-457A-A7EA-21F002729FE2}.Release|Any CPU.ActiveCfg = Release|Any CPU
		{6A9CA930-B1D7-457A-A7EA-21F002729FE2}.Release|Any CPU.Build.0 = Release|Any CPU
		{6A9CA930-B1D7-457A-A7EA-21F002729FE2}.SCSCustomer|Any CPU.ActiveCfg = Release|Any CPU
		{6A9CA930-B1D7-457A-A7EA-21F002729FE2}.SCSCustomer|Any CPU.Build.0 = Release|Any CPU
		{6A9CA930-B1D7-457A-A7EA-21F002729FE2}.SCSDemo|Any CPU.ActiveCfg = Release|Any CPU
		{6A9CA930-B1D7-457A-A7EA-21F002729FE2}.SCSDemo|Any CPU.Build.0 = Release|Any CPU
	EndGlobalSection
	GlobalSection(SolutionProperties) = preSolution
		HideSolutionNode = FALSE
	EndGlobalSection
EndGlobal
